
Microsoft Visual Studio Solution File, Format Version 12.00
# Visual Studio Version 16
VisualStudioVersion = 16.0.29306.81
MinimumVisualStudioVersion = 10.0.40219.1
Project("{FAE04EC0-301F-11D3-BF4B-00C04F79EFBC}") = "AkinatorBot", "AkinatorBot\AkinatorBot.csproj", "{FA208AE4-8F7D-4800-B857-B90231CC5A99}"
EndProject
Global
	GlobalSection(SolutionConfigurationPlatforms) = preSolution
		Debug|Any CPU = Debug|Any CPU
		Release|Any CPU = Release|Any CPU
	EndGlobalSection
	GlobalSection(ProjectConfigurationPlatforms) = postSolution
		{FA208AE4-8F7D-4800-B857-B90231CC5A99}.Debug|Any CPU.ActiveCfg = Debug|Any CPU
		{FA208AE4-8F7D-4800-B857-B90231CC5A99}.Debug|Any CPU.Build.0 = Debug|Any CPU
		{FA208AE4-8F7D-4800-B857-B90231CC5A99}.Release|Any CPU.ActiveCfg = Release|Any CPU
		{FA208AE4-8F7D-4800-B857-B90231CC5A99}.Release|Any CPU.Build.0 = Release|Any CPU
	EndGlobalSection
	GlobalSection(SolutionProperties) = preSolution
		HideSolutionNode = FALSE
	EndGlobalSection
	GlobalSection(ExtensibilityGlobals) = postSolution
		SolutionGuid = {A7E73AEF-2B0D-4CCB-A94C-AD92C30FC549}
	EndGlobalSection
EndGlobal
